{
  "version": 4,
  "terraform_version": "1.5.7",
  "serial": 102,
  "lineage": "35bbf1be-6b6b-11c6-32cd-5da0dd576edf",
  "outputs": {},
  "resources": [
    {
      "module": "module.serverpod_production",
      "mode": "managed",
      "type": "google_compute_backend_bucket",
      "name": "storage",
      "provider": "provider[\"registry.terraform.io/hashicorp/google\"]",
      "instances": [
        {
          "index_key": 0,
          "schema_version": 0,
          "attributes": {
            "bucket_name": "storage.slashdesign.nl",
            "cdn_policy": [],
            "compression_mode": "",
            "creation_timestamp": "2023-09-13T09:53:56.498-07:00",
            "custom_response_headers": [],
            "description": "",
            "edge_security_policy": "",
            "enable_cdn": false,
            "id": "projects/slash-design-231099/global/backendBuckets/serverpod-production-backend-storage",
            "name": "serverpod-production-backend-storage",
            "project": "slash-design-231099",
            "self_link": "https://www.googleapis.com/compute/v1/projects/slash-design-231099/global/backendBuckets/serverpod-production-backend-storage",
            "timeouts": null
          },
          "sensitive_attributes": [],
          "private": "eyJlMmJmYjczMC1lY2FhLTExZTYtOGY4OC0zNDM2M2JjN2M0YzAiOnsiY3JlYXRlIjoxMjAwMDAwMDAwMDAwLCJkZWxldGUiOjEyMDAwMDAwMDAwMDAsInVwZGF0ZSI6MTIwMDAwMDAwMDAwMH19",
          "dependencies": [
            "module.serverpod_production.google_storage_bucket.public"
          ]
        }
      ]
    },
    {
      "module": "module.serverpod_production",
      "mode": "managed",
      "type": "google_compute_backend_service",
      "name": "api",
      "provider": "provider[\"registry.terraform.io/hashicorp/google\"]",
      "instances": [
        {
          "schema_version": 1,
          "attributes": {
            "affinity_cookie_ttl_sec": 0,
            "backend": [
              {
                "balancing_mode": "UTILIZATION",
                "capacity_scaler": 1,
                "description": "",
                "group": "https://www.googleapis.com/compute/v1/projects/slash-design-231099/zones/europe-west4-b/instanceGroups/serverpod-production-group",
                "max_connections": 0,
                "max_connections_per_endpoint": 0,
                "max_connections_per_instance": 0,
                "max_rate": 0,
                "max_rate_per_endpoint": 0,
                "max_rate_per_instance": 0,
                "max_utilization": 1
              }
            ],
            "cdn_policy": [],
            "circuit_breakers": [],
            "compression_mode": "",
            "connection_draining_timeout_sec": 300,
            "consistent_hash": [],
            "creation_timestamp": "2023-09-13T09:22:50.757-07:00",
            "custom_request_headers": [],
            "custom_response_headers": [],
            "description": "",
            "edge_security_policy": "",
            "enable_cdn": false,
            "fingerprint": "9oq1Y84_kyU=",
            "generated_id": 6692902498906955573,
            "health_checks": [
              "https://www.googleapis.com/compute/v1/projects/slash-design-231099/global/healthChecks/serverpod-production-health-check"
            ],
            "iap": [],
            "id": "projects/slash-design-231099/global/backendServices/serverpod-production-backend-api",
            "load_balancing_scheme": "EXTERNAL",
            "locality_lb_policy": "",
            "log_config": [],
            "name": "serverpod-production-backend-api",
            "outlier_detection": [],
            "port_name": "api",
            "project": "slash-design-231099",
            "protocol": "HTTP",
            "security_policy": "",
            "security_settings": [],
            "self_link": "https://www.googleapis.com/compute/v1/projects/slash-design-231099/global/backendServices/serverpod-production-backend-api",
            "session_affinity": "NONE",
            "timeout_sec": 30,
            "timeouts": null
          },
          "sensitive_attributes": [],
          "private": "eyJlMmJmYjczMC1lY2FhLTExZTYtOGY4OC0zNDM2M2JjN2M0YzAiOnsiY3JlYXRlIjoxMjAwMDAwMDAwMDAwLCJkZWxldGUiOjEyMDAwMDAwMDAwMDAsInVwZGF0ZSI6MTIwMDAwMDAwMDAwMH0sInNjaGVtYV92ZXJzaW9uIjoiMSJ9",
          "dependencies": [
            "module.serverpod_production.google_compute_health_check.serverpod-balancer",
            "module.serverpod_production.google_compute_health_check.serverpod-instance-group",
            "module.serverpod_production.google_compute_instance_group_manager.serverpod",
            "module.serverpod_production.google_compute_instance_template.serverpod",
            "module.serverpod_production.google_compute_network.serverpod"
          ]
        }
      ]
    },
    {
      "module": "module.serverpod_production",
      "mode": "managed",
      "type": "google_compute_backend_service",
      "name": "insights",
      "provider": "provider[\"registry.terraform.io/hashicorp/google\"]",
      "instances": [
        {
          "schema_version": 1,
          "attributes": {
            "affinity_cookie_ttl_sec": 0,
            "backend": [
              {
                "balancing_mode": "UTILIZATION",
                "capacity_scaler": 1,
                "description": "",
                "group": "https://www.googleapis.com/compute/v1/projects/slash-design-231099/zones/europe-west4-b/instanceGroups/serverpod-production-group",
                "max_connections": 0,
                "max_connections_per_endpoint": 0,
                "max_connections_per_instance": 0,
                "max_rate": 0,
                "max_rate_per_endpoint": 0,
                "max_rate_per_instance": 0,
                "max_utilization": 1
              }
            ],
            "cdn_policy": [],
            "circuit_breakers": [],
            "compression_mode": "",
            "connection_draining_timeout_sec": 300,
            "consistent_hash": [],
            "creation_timestamp": "2023-09-13T09:22:49.810-07:00",
            "custom_request_headers": [],
            "custom_response_headers": [],
            "description": "",
            "edge_security_policy": "",
            "enable_cdn": false,
            "fingerprint": "UIwnCDoJe4g=",
            "generated_id": 2773244383127691062,
            "health_checks": [
              "https://www.googleapis.com/compute/v1/projects/slash-design-231099/global/healthChecks/serverpod-production-health-check"
            ],
            "iap": [],
            "id": "projects/slash-design-231099/global/backendServices/serverpod-production-backend-insights",
            "load_balancing_scheme": "EXTERNAL",
            "locality_lb_policy": "",
            "log_config": [],
            "name": "serverpod-production-backend-insights",
            "outlier_detection": [],
            "port_name": "insights",
            "project": "slash-design-231099",
            "protocol": "HTTP",
            "security_policy": "",
            "security_settings": [],
            "self_link": "https://www.googleapis.com/compute/v1/projects/slash-design-231099/global/backendServices/serverpod-production-backend-insights",
            "session_affinity": "NONE",
            "timeout_sec": 30,
            "timeouts": null
          },
          "sensitive_attributes": [],
          "private": "eyJlMmJmYjczMC1lY2FhLTExZTYtOGY4OC0zNDM2M2JjN2M0YzAiOnsiY3JlYXRlIjoxMjAwMDAwMDAwMDAwLCJkZWxldGUiOjEyMDAwMDAwMDAwMDAsInVwZGF0ZSI6MTIwMDAwMDAwMDAwMH0sInNjaGVtYV92ZXJzaW9uIjoiMSJ9",
          "dependencies": [
            "module.serverpod_production.google_compute_health_check.serverpod-balancer",
            "module.serverpod_production.google_compute_health_check.serverpod-instance-group",
            "module.serverpod_production.google_compute_instance_group_manager.serverpod",
            "module.serverpod_production.google_compute_instance_template.serverpod",
            "module.serverpod_production.google_compute_network.serverpod"
          ]
        }
      ]
    },
    {
      "module": "module.serverpod_production",
      "mode": "managed",
      "type": "google_compute_backend_service",
      "name": "web",
      "provider": "provider[\"registry.terraform.io/hashicorp/google\"]",
      "instances": [
        {
          "schema_version": 1,
          "attributes": {
            "affinity_cookie_ttl_sec": 0,
            "backend": [
              {
                "balancing_mode": "UTILIZATION",
                "capacity_scaler": 1,
                "description": "",
                "group": "https://www.googleapis.com/compute/v1/projects/slash-design-231099/zones/europe-west4-b/instanceGroups/serverpod-production-group",
                "max_connections": 0,
                "max_connections_per_endpoint": 0,
                "max_connections_per_instance": 0,
                "max_rate": 0,
                "max_rate_per_endpoint": 0,
                "max_rate_per_instance": 0,
                "max_utilization": 1
              }
            ],
            "cdn_policy": [
              {
                "cache_key_policy": [],
                "cache_mode": "CACHE_ALL_STATIC",
                "client_ttl": 3600,
                "default_ttl": 3600,
                "max_ttl": 86400,
                "negative_caching": true,
                "negative_caching_policy": [],
                "serve_while_stale": 86400,
                "signed_url_cache_max_age_sec": 0
              }
            ],
            "circuit_breakers": [],
            "compression_mode": "",
            "connection_draining_timeout_sec": 300,
            "consistent_hash": [],
            "creation_timestamp": "2023-09-13T09:22:49.177-07:00",
            "custom_request_headers": [],
            "custom_response_headers": [],
            "description": "",
            "edge_security_policy": "",
            "enable_cdn": true,
            "fingerprint": "aUBRcQkHR1w=",
            "generated_id": 2560549618285567798,
            "health_checks": [
              "https://www.googleapis.com/compute/v1/projects/slash-design-231099/global/healthChecks/serverpod-production-health-check"
            ],
            "iap": [],
            "id": "projects/slash-design-231099/global/backendServices/serverpod-production-backend-web",
            "load_balancing_scheme": "EXTERNAL",
            "locality_lb_policy": "",
            "log_config": [],
            "name": "serverpod-production-backend-web",
            "outlier_detection": [],
            "port_name": "web",
            "project": "slash-design-231099",
            "protocol": "HTTP",
            "security_policy": "",
            "security_settings": [],
            "self_link": "https://www.googleapis.com/compute/v1/projects/slash-design-231099/global/backendServices/serverpod-production-backend-web",
            "session_affinity": "NONE",
            "timeout_sec": 30,
            "timeouts": null
          },
          "sensitive_attributes": [],
          "private": "eyJlMmJmYjczMC1lY2FhLTExZTYtOGY4OC0zNDM2M2JjN2M0YzAiOnsiY3JlYXRlIjoxMjAwMDAwMDAwMDAwLCJkZWxldGUiOjEyMDAwMDAwMDAwMDAsInVwZGF0ZSI6MTIwMDAwMDAwMDAwMH0sInNjaGVtYV92ZXJzaW9uIjoiMSJ9",
          "dependencies": [
            "module.serverpod_production.google_compute_health_check.serverpod-balancer",
            "module.serverpod_production.google_compute_health_check.serverpod-instance-group",
            "module.serverpod_production.google_compute_instance_group_manager.serverpod",
            "module.serverpod_production.google_compute_instance_template.serverpod",
            "module.serverpod_production.google_compute_network.serverpod"
          ]
        }
      ]
    },
    {
      "module": "module.serverpod_production",
      "mode": "managed",
      "type": "google_compute_firewall",
      "name": "serverpod-instance",
      "provider": "provider[\"registry.terraform.io/hashicorp/google\"]",
      "instances": [
        {
          "schema_version": 1,
          "attributes": {
            "allow": [
              {
                "ports": [
                  "8080-8082"
                ],
                "protocol": "tcp"
              }
            ],
            "creation_timestamp": "2023-09-13T02:10:00.176-07:00",
            "deny": [],
            "description": "",
            "destination_ranges": [],
            "direction": "INGRESS",
            "disabled": false,
            "enable_logging": null,
            "id": "projects/slash-design-231099/global/firewalls/serverpod-production-instance",
            "log_config": [],
            "name": "serverpod-production-instance",
            "network": "https://www.googleapis.com/compute/v1/projects/slash-design-231099/global/networks/serverpod-production-network",
            "priority": 1000,
            "project": "slash-design-231099",
            "self_link": "https://www.googleapis.com/compute/v1/projects/slash-design-231099/global/firewalls/serverpod-production-instance",
            "source_ranges": [
              "130.211.0.0/22",
              "35.191.0.0/16"
            ],
            "source_service_accounts": [],
            "source_tags": [],
            "target_service_accounts": [],
            "target_tags": [
              "serverpod-production-instance"
            ],
            "timeouts": null
          },
          "sensitive_attributes": [],
          "private": "eyJlMmJmYjczMC1lY2FhLTExZTYtOGY4OC0zNDM2M2JjN2M0YzAiOnsiY3JlYXRlIjoxMjAwMDAwMDAwMDAwLCJkZWxldGUiOjEyMDAwMDAwMDAwMDAsInVwZGF0ZSI6MTIwMDAwMDAwMDAwMH0sInNjaGVtYV92ZXJzaW9uIjoiMSJ9",
          "dependencies": [
            "module.serverpod_production.google_compute_network.serverpod"
          ]
        }
      ]
    },
    {
      "module": "module.serverpod_production",
      "mode": "managed",
      "type": "google_compute_firewall",
      "name": "serverpod-instance-ssh",
      "provider": "provider[\"registry.terraform.io/hashicorp/google\"]",
      "instances": [
        {
          "index_key": 0,
          "schema_version": 1,
          "attributes": {
            "allow": [
              {
                "ports": [
                  "22"
                ],
                "protocol": "tcp"
              }
            ],
            "creation_timestamp": "2023-09-13T02:10:00.450-07:00",
            "deny": [],
            "description": "",
            "destination_ranges": [],
            "direction": "INGRESS",
            "disabled": false,
            "enable_logging": null,
            "id": "projects/slash-design-231099/global/firewalls/serverpod-production-instance-ssh",
            "log_config": [],
            "name": "serverpod-production-instance-ssh",
            "network": "https://www.googleapis.com/compute/v1/projects/slash-design-231099/global/networks/serverpod-production-network",
            "priority": 1000,
            "project": "slash-design-231099",
            "self_link": "https://www.googleapis.com/compute/v1/projects/slash-design-231099/global/firewalls/serverpod-production-instance-ssh",
            "source_ranges": [
              "0.0.0.0/0"
            ],
            "source_service_accounts": [],
            "source_tags": [],
            "target_service_accounts": [],
            "target_tags": [
              "serverpod-production-instance-ssh"
            ],
            "timeouts": null
          },
          "sensitive_attributes": [],
          "private": "eyJlMmJmYjczMC1lY2FhLTExZTYtOGY4OC0zNDM2M2JjN2M0YzAiOnsiY3JlYXRlIjoxMjAwMDAwMDAwMDAwLCJkZWxldGUiOjEyMDAwMDAwMDAwMDAsInVwZGF0ZSI6MTIwMDAwMDAwMDAwMH0sInNjaGVtYV92ZXJzaW9uIjoiMSJ9",
          "dependencies": [
            "module.serverpod_production.google_compute_network.serverpod"
          ]
        }
      ]
    },
    {
      "module": "module.serverpod_production",
      "mode": "managed",
      "type": "google_compute_global_address",
      "name": "private-ip",
      "provider": "provider[\"registry.terraform.io/hashicorp/google\"]",
      "instances": [
        {
          "schema_version": 0,
          "attributes": {
            "address": "172.30.0.0",
            "address_type": "INTERNAL",
            "creation_timestamp": "2023-09-13T02:10:00.202-07:00",
            "description": "",
            "id": "projects/slash-design-231099/global/addresses/serverpod-production-private-ip",
            "ip_version": "",
            "name": "serverpod-production-private-ip",
            "network": "https://www.googleapis.com/compute/v1/projects/slash-design-231099/global/networks/serverpod-production-network",
            "prefix_length": 16,
            "project": "slash-design-231099",
            "purpose": "VPC_PEERING",
            "self_link": "https://www.googleapis.com/compute/v1/projects/slash-design-231099/global/addresses/serverpod-production-private-ip",
            "timeouts": null
          },
          "sensitive_attributes": [],
          "private": "eyJlMmJmYjczMC1lY2FhLTExZTYtOGY4OC0zNDM2M2JjN2M0YzAiOnsiY3JlYXRlIjoxMjAwMDAwMDAwMDAwLCJkZWxldGUiOjEyMDAwMDAwMDAwMDB9fQ==",
          "dependencies": [
            "module.serverpod_production.google_compute_network.serverpod"
          ]
        }
      ]
    },
    {
      "module": "module.serverpod_production",
      "mode": "managed",
      "type": "google_compute_global_forwarding_rule",
      "name": "api",
      "provider": "provider[\"registry.terraform.io/hashicorp/google\"]",
      "instances": [
        {
          "schema_version": 0,
          "attributes": {
            "description": "",
            "id": "projects/slash-design-231099/global/forwardingRules/serverpod-production-api",
            "ip_address": "34.160.152.116",
            "ip_protocol": "TCP",
            "ip_version": "",
            "label_fingerprint": "42WmSpB8rSM=",
            "labels": {},
            "load_balancing_scheme": "EXTERNAL",
            "metadata_filters": [],
            "name": "serverpod-production-api",
            "network": "",
            "port_range": "443",
            "project": "slash-design-231099",
            "psc_connection_id": "",
            "psc_connection_status": "",
            "self_link": "https://www.googleapis.com/compute/v1/projects/slash-design-231099/global/forwardingRules/serverpod-production-api",
            "target": "https://www.googleapis.com/compute/v1/projects/slash-design-231099/global/targetHttpsProxies/serverpod-production-proxy-api",
            "timeouts": null
          },
          "sensitive_attributes": [],
          "private": "eyJlMmJmYjczMC1lY2FhLTExZTYtOGY4OC0zNDM2M2JjN2M0YzAiOnsiY3JlYXRlIjoxMjAwMDAwMDAwMDAwLCJkZWxldGUiOjEyMDAwMDAwMDAwMDAsInVwZGF0ZSI6MTIwMDAwMDAwMDAwMH19",
          "dependencies": [
            "module.serverpod_production.google_compute_backend_bucket.storage",
            "module.serverpod_production.google_compute_backend_service.api",
            "module.serverpod_production.google_compute_backend_service.insights",
            "module.serverpod_production.google_compute_backend_service.web",
            "module.serverpod_production.google_compute_health_check.serverpod-balancer",
            "module.serverpod_production.google_compute_health_check.serverpod-instance-group",
            "module.serverpod_production.google_compute_instance_group_manager.serverpod",
            "module.serverpod_production.google_compute_instance_template.serverpod",
            "module.serverpod_production.google_compute_managed_ssl_certificate.api",
            "module.serverpod_production.google_compute_network.serverpod",
            "module.serverpod_production.google_compute_target_https_proxy.api",
            "module.serverpod_production.google_compute_url_map.serverpod",
            "module.serverpod_production.google_storage_bucket.public"
          ]
        }
      ]
    },
    {
      "module": "module.serverpod_production",
      "mode": "managed",
      "type": "google_compute_global_forwarding_rule",
      "name": "insights",
      "provider": "provider[\"registry.terraform.io/hashicorp/google\"]",
      "instances": [
        {
          "schema_version": 0,
          "attributes": {
            "description": "",
            "id": "projects/slash-design-231099/global/forwardingRules/serverpod-production-insights",
            "ip_address": "34.36.242.104",
            "ip_protocol": "TCP",
            "ip_version": "",
            "label_fingerprint": "42WmSpB8rSM=",
            "labels": {},
            "load_balancing_scheme": "EXTERNAL",
            "metadata_filters": [],
            "name": "serverpod-production-insights",
            "network": "",
            "port_range": "443",
            "project": "slash-design-231099",
            "psc_connection_id": "",
            "psc_connection_status": "",
            "self_link": "https://www.googleapis.com/compute/v1/projects/slash-design-231099/global/forwardingRules/serverpod-production-insights",
            "target": "https://www.googleapis.com/compute/v1/projects/slash-design-231099/global/targetHttpsProxies/serverpod-production-proxy-insights",
            "timeouts": null
          },
          "sensitive_attributes": [],
          "private": "eyJlMmJmYjczMC1lY2FhLTExZTYtOGY4OC0zNDM2M2JjN2M0YzAiOnsiY3JlYXRlIjoxMjAwMDAwMDAwMDAwLCJkZWxldGUiOjEyMDAwMDAwMDAwMDAsInVwZGF0ZSI6MTIwMDAwMDAwMDAwMH19",
          "dependencies": [
            "module.serverpod_production.google_compute_backend_bucket.storage",
            "module.serverpod_production.google_compute_backend_service.api",
            "module.serverpod_production.google_compute_backend_service.insights",
            "module.serverpod_production.google_compute_backend_service.web",
            "module.serverpod_production.google_compute_health_check.serverpod-balancer",
            "module.serverpod_production.google_compute_health_check.serverpod-instance-group",
            "module.serverpod_production.google_compute_instance_group_manager.serverpod",
            "module.serverpod_production.google_compute_instance_template.serverpod",
            "module.serverpod_production.google_compute_managed_ssl_certificate.insights",
            "module.serverpod_production.google_compute_network.serverpod",
            "module.serverpod_production.google_compute_target_https_proxy.insights",
            "module.serverpod_production.google_compute_url_map.serverpod",
            "module.serverpod_production.google_storage_bucket.public"
          ]
        }
      ]
    },
    {
      "module": "module.serverpod_production",
      "mode": "managed",
      "type": "google_compute_global_forwarding_rule",
      "name": "storage",
      "provider": "provider[\"registry.terraform.io/hashicorp/google\"]",
      "instances": [
        {
          "index_key": 0,
          "schema_version": 0,
          "attributes": {
            "description": "",
            "id": "projects/slash-design-231099/global/forwardingRules/serverpod-production-storage",
            "ip_address": "34.111.31.140",
            "ip_protocol": "TCP",
            "ip_version": "",
            "label_fingerprint": "42WmSpB8rSM=",
            "labels": {},
            "load_balancing_scheme": "EXTERNAL",
            "metadata_filters": [],
            "name": "serverpod-production-storage",
            "network": "",
            "port_range": "443",
            "project": "slash-design-231099",
            "psc_connection_id": "",
            "psc_connection_status": "",
            "self_link": "https://www.googleapis.com/compute/v1/projects/slash-design-231099/global/forwardingRules/serverpod-production-storage",
            "target": "https://www.googleapis.com/compute/v1/projects/slash-design-231099/global/targetHttpsProxies/serverpod-production-proxy-storage",
            "timeouts": null
          },
          "sensitive_attributes": [],
          "private": "eyJlMmJmYjczMC1lY2FhLTExZTYtOGY4OC0zNDM2M2JjN2M0YzAiOnsiY3JlYXRlIjoxMjAwMDAwMDAwMDAwLCJkZWxldGUiOjEyMDAwMDAwMDAwMDAsInVwZGF0ZSI6MTIwMDAwMDAwMDAwMH19",
          "dependencies": [
            "module.serverpod_production.google_compute_backend_bucket.storage",
            "module.serverpod_production.google_compute_backend_service.api",
            "module.serverpod_production.google_compute_backend_service.insights",
            "module.serverpod_production.google_compute_backend_service.web",
            "module.serverpod_production.google_compute_health_check.serverpod-balancer",
            "module.serverpod_production.google_compute_health_check.serverpod-instance-group",
            "module.serverpod_production.google_compute_instance_group_manager.serverpod",
            "module.serverpod_production.google_compute_instance_template.serverpod",
            "module.serverpod_production.google_compute_managed_ssl_certificate.storage",
            "module.serverpod_production.google_compute_network.serverpod",
            "module.serverpod_production.google_compute_target_https_proxy.storage",
            "module.serverpod_production.google_compute_url_map.serverpod",
            "module.serverpod_production.google_storage_bucket.public"
          ]
        }
      ]
    },
    {
      "module": "module.serverpod_production",
      "mode": "managed",
      "type": "google_compute_global_forwarding_rule",
      "name": "web",
      "provider": "provider[\"registry.terraform.io/hashicorp/google\"]",
      "instances": [
        {
          "schema_version": 0,
          "attributes": {
            "description": "",
            "id": "projects/slash-design-231099/global/forwardingRules/serverpod-production-web",
            "ip_address": "34.111.172.75",
            "ip_protocol": "TCP",
            "ip_version": "",
            "label_fingerprint": "42WmSpB8rSM=",
            "labels": {},
            "load_balancing_scheme": "EXTERNAL",
            "metadata_filters": [],
            "name": "serverpod-production-web",
            "network": "",
            "port_range": "443",
            "project": "slash-design-231099",
            "psc_connection_id": "",
            "psc_connection_status": "",
            "self_link": "https://www.googleapis.com/compute/v1/projects/slash-design-231099/global/forwardingRules/serverpod-production-web",
            "target": "https://www.googleapis.com/compute/v1/projects/slash-design-231099/global/targetHttpsProxies/serverpod-production-proxy-web",
            "timeouts": null
          },
          "sensitive_attributes": [],
          "private": "eyJlMmJmYjczMC1lY2FhLTExZTYtOGY4OC0zNDM2M2JjN2M0YzAiOnsiY3JlYXRlIjoxMjAwMDAwMDAwMDAwLCJkZWxldGUiOjEyMDAwMDAwMDAwMDAsInVwZGF0ZSI6MTIwMDAwMDAwMDAwMH19",
          "dependencies": [
            "module.serverpod_production.google_compute_backend_bucket.storage",
            "module.serverpod_production.google_compute_backend_service.api",
            "module.serverpod_production.google_compute_backend_service.insights",
            "module.serverpod_production.google_compute_backend_service.web",
            "module.serverpod_production.google_compute_health_check.serverpod-balancer",
            "module.serverpod_production.google_compute_health_check.serverpod-instance-group",
            "module.serverpod_production.google_compute_instance_group_manager.serverpod",
            "module.serverpod_production.google_compute_instance_template.serverpod",
            "module.serverpod_production.google_compute_managed_ssl_certificate.web",
            "module.serverpod_production.google_compute_managed_ssl_certificate.web-top-domain",
            "module.serverpod_production.google_compute_network.serverpod",
            "module.serverpod_production.google_compute_target_https_proxy.web",
            "module.serverpod_production.google_compute_url_map.serverpod",
            "module.serverpod_production.google_storage_bucket.public"
          ]
        }
      ]
    },
    {
      "module": "module.serverpod_production",
      "mode": "managed",
      "type": "google_compute_health_check",
      "name": "serverpod-balancer",
      "provider": "provider[\"registry.terraform.io/hashicorp/google\"]",
      "instances": [
        {
          "schema_version": 0,
          "attributes": {
            "check_interval_sec": 5,
            "creation_timestamp": "2023-09-13T02:08:55.684-07:00",
            "description": "",
            "grpc_health_check": [],
            "healthy_threshold": 2,
            "http2_health_check": [],
            "http_health_check": [],
            "https_health_check": [],
            "id": "projects/slash-design-231099/global/healthChecks/serverpod-production-health-check",
            "log_config": [
              {
                "enable": false
              }
            ],
            "name": "serverpod-production-health-check",
            "project": "slash-design-231099",
            "self_link": "https://www.googleapis.com/compute/v1/projects/slash-design-231099/global/healthChecks/serverpod-production-health-check",
            "ssl_health_check": [],
            "tcp_health_check": [
              {
                "port": 8080,
                "port_name": "",
                "port_specification": "",
                "proxy_header": "NONE",
                "request": "",
                "response": ""
              }
            ],
            "timeout_sec": 5,
            "timeouts": null,
            "type": "TCP",
            "unhealthy_threshold": 2
          },
          "sensitive_attributes": [],
          "private": "eyJlMmJmYjczMC1lY2FhLTExZTYtOGY4OC0zNDM2M2JjN2M0YzAiOnsiY3JlYXRlIjoxMjAwMDAwMDAwMDAwLCJkZWxldGUiOjEyMDAwMDAwMDAwMDAsInVwZGF0ZSI6MTIwMDAwMDAwMDAwMH19"
        }
      ]
    },
    {
      "module": "module.serverpod_production",
      "mode": "managed",
      "type": "google_compute_health_check",
      "name": "serverpod-instance-group",
      "provider": "provider[\"registry.terraform.io/hashicorp/google\"]",
      "instances": [
        {
          "schema_version": 0,
          "attributes": {
            "check_interval_sec": 30,
            "creation_timestamp": "2023-09-13T02:08:52.315-07:00",
            "description": "",
            "grpc_health_check": [],
            "healthy_threshold": 2,
            "http2_health_check": [],
            "http_health_check": [],
            "https_health_check": [],
            "id": "projects/slash-design-231099/global/healthChecks/serverpod-production-group-health-check",
            "log_config": [
              {
                "enable": false
              }
            ],
            "name": "serverpod-production-group-health-check",
            "project": "slash-design-231099",
            "self_link": "https://www.googleapis.com/compute/v1/projects/slash-design-231099/global/healthChecks/serverpod-production-group-health-check",
            "ssl_health_check": [],
            "tcp_health_check": [
              {
                "port": 8080,
                "port_name": "",
                "port_specification": "",
                "proxy_header": "NONE",
                "request": "",
                "response": ""
              }
            ],
            "timeout_sec": 5,
            "timeouts": null,
            "type": "TCP",
            "unhealthy_threshold": 3
          },
          "sensitive_attributes": [],
          "private": "eyJlMmJmYjczMC1lY2FhLTExZTYtOGY4OC0zNDM2M2JjN2M0YzAiOnsiY3JlYXRlIjoxMjAwMDAwMDAwMDAwLCJkZWxldGUiOjEyMDAwMDAwMDAwMDAsInVwZGF0ZSI6MTIwMDAwMDAwMDAwMH19"
        }
      ]
    },
    {
      "module": "module.serverpod_production",
      "mode": "managed",
      "type": "google_compute_instance_group_manager",
      "name": "serverpod",
      "provider": "provider[\"registry.terraform.io/hashicorp/google\"]",
      "instances": [
        {
          "schema_version": 0,
          "attributes": {
            "auto_healing_policies": [
              {
                "health_check": "https://www.googleapis.com/compute/v1/projects/slash-design-231099/global/healthChecks/serverpod-production-group-health-check",
                "initial_delay_sec": 300
              }
            ],
            "base_instance_name": "serverpod-production",
            "description": "",
            "fingerprint": "EKohBijC3os=",
            "id": "projects/slash-design-231099/zones/europe-west4-b/instanceGroupManagers/serverpod-production-group",
            "instance_group": "https://www.googleapis.com/compute/v1/projects/slash-design-231099/zones/europe-west4-b/instanceGroups/serverpod-production-group",
            "list_managed_instances_results": "PAGELESS",
            "name": "serverpod-production-group",
            "named_port": [
              {
                "name": "api",
                "port": 8080
              },
              {
                "name": "insights",
                "port": 8081
              },
              {
                "name": "web",
                "port": 8082
              }
            ],
            "operation": null,
            "project": "slash-design-231099",
            "self_link": "https://www.googleapis.com/compute/v1/projects/slash-design-231099/zones/europe-west4-b/instanceGroupManagers/serverpod-production-group",
            "stateful_disk": [],
            "status": [
              {
                "is_stable": false,
                "stateful": [
                  {
                    "has_stateful_config": false,
                    "per_instance_configs": [
                      {
                        "all_effective": true
                      }
                    ]
                  }
                ],
                "version_target": [
                  {
                    "is_reached": true
                  }
                ]
              }
            ],
            "target_pools": [],
            "target_size": 1,
            "timeouts": null,
            "update_policy": [
              {
                "max_surge_fixed": 1,
                "max_surge_percent": 0,
                "max_unavailable_fixed": 1,
                "max_unavailable_percent": 0,
                "minimal_action": "REPLACE",
                "most_disruptive_allowed_action": "",
                "replacement_method": "SUBSTITUTE",
                "type": "OPPORTUNISTIC"
              }
            ],
            "version": [
              {
                "instance_template": "https://www.googleapis.com/compute/v1/projects/slash-design-231099/global/instanceTemplates/serverpod-production-template",
                "name": "",
                "target_size": []
              }
            ],
            "wait_for_instances": false,
            "wait_for_instances_status": "STABLE",
            "zone": "europe-west4-b"
          },
          "sensitive_attributes": [],
          "private": "eyJlMmJmYjczMC1lY2FhLTExZTYtOGY4OC0zNDM2M2JjN2M0YzAiOnsiY3JlYXRlIjo5MDAwMDAwMDAwMDAsImRlbGV0ZSI6OTAwMDAwMDAwMDAwLCJ1cGRhdGUiOjkwMDAwMDAwMDAwMH19",
          "dependencies": [
            "module.serverpod_production.google_compute_health_check.serverpod-instance-group",
            "module.serverpod_production.google_compute_instance_template.serverpod",
            "module.serverpod_production.google_compute_network.serverpod"
          ]
        }
      ]
    },
    {
      "module": "module.serverpod_production",
      "mode": "managed",
      "type": "google_compute_instance_template",
      "name": "serverpod",
      "provider": "provider[\"registry.terraform.io/hashicorp/google\"]",
      "instances": [
        {
          "schema_version": 1,
          "attributes": {
            "advanced_machine_features": [],
            "can_ip_forward": false,
            "confidential_instance_config": [],
            "description": "Instance template for Serverpod's Docker container.",
            "disk": [
              {
                "auto_delete": true,
                "boot": true,
                "device_name": "persistent-disk-0",
                "disk_encryption_key": [],
                "disk_name": "",
                "disk_size_gb": 0,
                "disk_type": "pd-standard",
                "interface": "SCSI",
                "labels": {},
                "mode": "READ_WRITE",
                "resource_policies": [],
                "source": "",
                "source_image": "projects/cos-cloud/global/images/family/cos-stable",
                "source_image_encryption_key": [],
                "source_snapshot": "",
                "source_snapshot_encryption_key": [],
                "type": "PERSISTENT"
              }
            ],
            "guest_accelerator": [],
            "id": "projects/slash-design-231099/global/instanceTemplates/serverpod-production-template",
            "instance_description": "",
            "labels": null,
            "machine_type": "e2-micro",
            "metadata": {},
            "metadata_fingerprint": "nSo9cuEMOCM=",
            "metadata_startup_script": "#!/bin/bash\nuseradd serverpod-user\nusermod -aG docker serverpod-user\ncd /home/serverpod-user\nsudo -u serverpod-user docker-credential-gcr configure-docker --registries europe-west4-docker.pkg.dev\nsudo -u serverpod-user docker run -p 8080-8082:8080-8082 -e runmode=production -e serverid=$(hostname) europe-west4-docker.pkg.dev/slash-design-231099/serverpod-production-container/serverpod:latest\n",
            "min_cpu_platform": "",
            "name": "serverpod-production-template",
            "name_prefix": null,
            "network_interface": [
              {
                "access_config": [
                  {
                    "nat_ip": "",
                    "network_tier": "PREMIUM",
                    "public_ptr_domain_name": ""
                  }
                ],
                "alias_ip_range": [],
                "ipv6_access_config": [],
                "ipv6_access_type": "",
                "name": "nic0",
                "network": "https://www.googleapis.com/compute/v1/projects/slash-design-231099/global/networks/serverpod-production-network",
                "network_ip": "",
                "nic_type": "",
                "queue_count": 0,
                "stack_type": "",
                "subnetwork": "",
                "subnetwork_project": ""
              }
            ],
            "project": "slash-design-231099",
            "region": null,
            "reservation_affinity": [],
            "scheduling": [
              {
                "automatic_restart": true,
                "instance_termination_action": "",
                "min_node_cpus": 0,
                "node_affinities": [],
                "on_host_maintenance": "MIGRATE",
                "preemptible": false,
                "provisioning_model": "STANDARD"
              }
            ],
            "self_link": "https://www.googleapis.com/compute/v1/projects/slash-design-231099/global/instanceTemplates/serverpod-production-template",
            "service_account": [
              {
                "email": "terraform@slash-design-231099.iam.gserviceaccount.com",
                "scopes": [
                  "https://www.googleapis.com/auth/cloud-platform"
                ]
              }
            ],
            "shielded_instance_config": [],
            "tags": [
              "serverpod-production-instance",
              "serverpod-production-instance-ssh"
            ],
            "tags_fingerprint": "",
            "timeouts": null
          },
          "sensitive_attributes": [],
          "private": "eyJlMmJmYjczMC1lY2FhLTExZTYtOGY4OC0zNDM2M2JjN2M0YzAiOnsiY3JlYXRlIjoyNDAwMDAwMDAwMDAsImRlbGV0ZSI6MjQwMDAwMDAwMDAwfSwic2NoZW1hX3ZlcnNpb24iOiIxIn0=",
          "dependencies": [
            "module.serverpod_production.google_compute_network.serverpod"
          ]
        }
      ]
    },
    {
      "module": "module.serverpod_production",
      "mode": "managed",
      "type": "google_compute_managed_ssl_certificate",
      "name": "api",
      "provider": "provider[\"registry.terraform.io/hashicorp/google\"]",
      "instances": [
        {
          "schema_version": 0,
          "attributes": {
            "certificate_id": 6787428192151716552,
            "creation_timestamp": "2023-09-13T02:08:55.519-07:00",
            "description": "",
            "expire_time": "2023-12-12T08:29:32.000-08:00",
            "id": "projects/slash-design-231099/global/sslCertificates/serverpod-production-api-certificate",
            "managed": [
              {
                "domains": [
                  "api.slashdesign.nl"
                ]
              }
            ],
            "name": "serverpod-production-api-certificate",
            "project": "slash-design-231099",
            "self_link": "https://www.googleapis.com/compute/v1/projects/slash-design-231099/global/sslCertificates/serverpod-production-api-certificate",
            "subject_alternative_names": [
              "api.slashdesign.nl"
            ],
            "timeouts": null,
            "type": "MANAGED"
          },
          "sensitive_attributes": [],
          "private": "eyJlMmJmYjczMC1lY2FhLTExZTYtOGY4OC0zNDM2M2JjN2M0YzAiOnsiY3JlYXRlIjoxODAwMDAwMDAwMDAwLCJkZWxldGUiOjE4MDAwMDAwMDAwMDB9fQ=="
        }
      ]
    },
    {
      "module": "module.serverpod_production",
      "mode": "managed",
      "type": "google_compute_managed_ssl_certificate",
      "name": "insights",
      "provider": "provider[\"registry.terraform.io/hashicorp/google\"]",
      "instances": [
        {
          "schema_version": 0,
          "attributes": {
            "certificate_id": 5617600691245466316,
            "creation_timestamp": "2023-09-13T02:08:51.548-07:00",
            "description": "",
            "expire_time": "2023-12-12T08:36:42.000-08:00",
            "id": "projects/slash-design-231099/global/sslCertificates/serverpod-production-insights-certificate",
            "managed": [
              {
                "domains": [
                  "insights.slashdesign.nl"
                ]
              }
            ],
            "name": "serverpod-production-insights-certificate",
            "project": "slash-design-231099",
            "self_link": "https://www.googleapis.com/compute/v1/projects/slash-design-231099/global/sslCertificates/serverpod-production-insights-certificate",
            "subject_alternative_names": [
              "insights.slashdesign.nl"
            ],
            "timeouts": null,
            "type": "MANAGED"
          },
          "sensitive_attributes": [],
          "private": "eyJlMmJmYjczMC1lY2FhLTExZTYtOGY4OC0zNDM2M2JjN2M0YzAiOnsiY3JlYXRlIjoxODAwMDAwMDAwMDAwLCJkZWxldGUiOjE4MDAwMDAwMDAwMDB9fQ=="
        }
      ]
    },
    {
      "module": "module.serverpod_production",
      "mode": "managed",
      "type": "google_compute_managed_ssl_certificate",
      "name": "storage",
      "provider": "provider[\"registry.terraform.io/hashicorp/google\"]",
      "instances": [
        {
          "index_key": 0,
          "schema_version": 0,
          "attributes": {
            "certificate_id": 2781311663149466316,
            "creation_timestamp": "2023-09-13T02:08:51.556-07:00",
            "description": "",
            "expire_time": "2023-12-12T08:43:45.000-08:00",
            "id": "projects/slash-design-231099/global/sslCertificates/serverpod-production-storage-certificate",
            "managed": [
              {
                "domains": [
                  "storage.slashdesign.nl"
                ]
              }
            ],
            "name": "serverpod-production-storage-certificate",
            "project": "slash-design-231099",
            "self_link": "https://www.googleapis.com/compute/v1/projects/slash-design-231099/global/sslCertificates/serverpod-production-storage-certificate",
            "subject_alternative_names": [
              "storage.slashdesign.nl"
            ],
            "timeouts": null,
            "type": "MANAGED"
          },
          "sensitive_attributes": [],
          "private": "eyJlMmJmYjczMC1lY2FhLTExZTYtOGY4OC0zNDM2M2JjN2M0YzAiOnsiY3JlYXRlIjoxODAwMDAwMDAwMDAwLCJkZWxldGUiOjE4MDAwMDAwMDAwMDB9fQ=="
        }
      ]
    },
    {
      "module": "module.serverpod_production",
      "mode": "managed",
      "type": "google_compute_managed_ssl_certificate",
      "name": "web",
      "provider": "provider[\"registry.terraform.io/hashicorp/google\"]",
      "instances": [
        {
          "schema_version": 0,
          "attributes": {
            "certificate_id": 2112998740253786824,
            "creation_timestamp": "2023-09-13T02:08:55.609-07:00",
            "description": "",
            "expire_time": "2023-12-12T08:40:34.000-08:00",
            "id": "projects/slash-design-231099/global/sslCertificates/serverpod-production-web-certificate",
            "managed": [
              {
                "domains": [
                  "app.slashdesign.nl"
                ]
              }
            ],
            "name": "serverpod-production-web-certificate",
            "project": "slash-design-231099",
            "self_link": "https://www.googleapis.com/compute/v1/projects/slash-design-231099/global/sslCertificates/serverpod-production-web-certificate",
            "subject_alternative_names": [
              "app.slashdesign.nl"
            ],
            "timeouts": null,
            "type": "MANAGED"
          },
          "sensitive_attributes": [],
          "private": "eyJlMmJmYjczMC1lY2FhLTExZTYtOGY4OC0zNDM2M2JjN2M0YzAiOnsiY3JlYXRlIjoxODAwMDAwMDAwMDAwLCJkZWxldGUiOjE4MDAwMDAwMDAwMDB9fQ=="
        }
      ]
    },
    {
      "module": "module.serverpod_production",
      "mode": "managed",
      "type": "google_compute_network",
      "name": "serverpod",
      "provider": "provider[\"registry.terraform.io/hashicorp/google\"]",
      "instances": [
        {
          "schema_version": 0,
          "attributes": {
            "auto_create_subnetworks": true,
            "delete_default_routes_on_create": false,
            "description": "",
            "enable_ula_internal_ipv6": false,
            "gateway_ipv4": "",
            "id": "projects/slash-design-231099/global/networks/serverpod-production-network",
            "internal_ipv6_range": "",
            "mtu": 0,
            "name": "serverpod-production-network",
            "project": "slash-design-231099",
            "routing_mode": "REGIONAL",
            "self_link": "https://www.googleapis.com/compute/v1/projects/slash-design-231099/global/networks/serverpod-production-network",
            "timeouts": null
          },
          "sensitive_attributes": [],
          "private": "eyJlMmJmYjczMC1lY2FhLTExZTYtOGY4OC0zNDM2M2JjN2M0YzAiOnsiY3JlYXRlIjoxMjAwMDAwMDAwMDAwLCJkZWxldGUiOjEyMDAwMDAwMDAwMDAsInVwZGF0ZSI6MTIwMDAwMDAwMDAwMH19"
        }
      ]
    },
    {
      "module": "module.serverpod_production",
      "mode": "managed",
      "type": "google_compute_target_https_proxy",
      "name": "api",
      "provider": "provider[\"registry.terraform.io/hashicorp/google\"]",
      "instances": [
        {
          "schema_version": 0,
          "attributes": {
            "certificate_map": "",
            "creation_timestamp": "2023-09-13T09:54:19.993-07:00",
            "description": "",
            "id": "projects/slash-design-231099/global/targetHttpsProxies/serverpod-production-proxy-api",
            "name": "serverpod-production-proxy-api",
            "project": "slash-design-231099",
            "proxy_bind": false,
            "proxy_id": 583397522772088788,
            "quic_override": "NONE",
            "self_link": "https://www.googleapis.com/compute/v1/projects/slash-design-231099/global/targetHttpsProxies/serverpod-production-proxy-api",
            "ssl_certificates": [
              "https://www.googleapis.com/compute/v1/projects/slash-design-231099/global/sslCertificates/serverpod-production-api-certificate"
            ],
            "ssl_policy": "",
            "timeouts": null,
            "url_map": "https://www.googleapis.com/compute/v1/projects/slash-design-231099/global/urlMaps/serverpod-production-balancer"
          },
          "sensitive_attributes": [],
          "private": "eyJlMmJmYjczMC1lY2FhLTExZTYtOGY4OC0zNDM2M2JjN2M0YzAiOnsiY3JlYXRlIjoxMjAwMDAwMDAwMDAwLCJkZWxldGUiOjEyMDAwMDAwMDAwMDAsInVwZGF0ZSI6MTIwMDAwMDAwMDAwMH19",
          "dependencies": [
            "module.serverpod_production.google_compute_backend_bucket.storage",
            "module.serverpod_production.google_compute_backend_service.api",
            "module.serverpod_production.google_compute_backend_service.insights",
            "module.serverpod_production.google_compute_backend_service.web",
            "module.serverpod_production.google_compute_health_check.serverpod-balancer",
            "module.serverpod_production.google_compute_health_check.serverpod-instance-group",
            "module.serverpod_production.google_compute_instance_group_manager.serverpod",
            "module.serverpod_production.google_compute_instance_template.serverpod",
            "module.serverpod_production.google_compute_managed_ssl_certificate.api",
            "module.serverpod_production.google_compute_network.serverpod",
            "module.serverpod_production.google_compute_url_map.serverpod",
            "module.serverpod_production.google_storage_bucket.public"
          ]
        }
      ]
    },
    {
      "module": "module.serverpod_production",
      "mode": "managed",
      "type": "google_compute_target_https_proxy",
      "name": "insights",
      "provider": "provider[\"registry.terraform.io/hashicorp/google\"]",
      "instances": [
        {
          "schema_version": 0,
          "attributes": {
            "certificate_map": "",
            "creation_timestamp": "2023-09-13T09:54:20.525-07:00",
            "description": "",
            "id": "projects/slash-design-231099/global/targetHttpsProxies/serverpod-production-proxy-insights",
            "name": "serverpod-production-proxy-insights",
            "project": "slash-design-231099",
            "proxy_bind": false,
            "proxy_id": 8297788428593682387,
            "quic_override": "NONE",
            "self_link": "https://www.googleapis.com/compute/v1/projects/slash-design-231099/global/targetHttpsProxies/serverpod-production-proxy-insights",
            "ssl_certificates": [
              "https://www.googleapis.com/compute/v1/projects/slash-design-231099/global/sslCertificates/serverpod-production-insights-certificate"
            ],
            "ssl_policy": "",
            "timeouts": null,
            "url_map": "https://www.googleapis.com/compute/v1/projects/slash-design-231099/global/urlMaps/serverpod-production-balancer"
          },
          "sensitive_attributes": [],
          "private": "eyJlMmJmYjczMC1lY2FhLTExZTYtOGY4OC0zNDM2M2JjN2M0YzAiOnsiY3JlYXRlIjoxMjAwMDAwMDAwMDAwLCJkZWxldGUiOjEyMDAwMDAwMDAwMDAsInVwZGF0ZSI6MTIwMDAwMDAwMDAwMH19",
          "dependencies": [
            "module.serverpod_production.google_compute_backend_bucket.storage",
            "module.serverpod_production.google_compute_backend_service.api",
            "module.serverpod_production.google_compute_backend_service.insights",
            "module.serverpod_production.google_compute_backend_service.web",
            "module.serverpod_production.google_compute_health_check.serverpod-balancer",
            "module.serverpod_production.google_compute_health_check.serverpod-instance-group",
            "module.serverpod_production.google_compute_instance_group_manager.serverpod",
            "module.serverpod_production.google_compute_instance_template.serverpod",
            "module.serverpod_production.google_compute_managed_ssl_certificate.insights",
            "module.serverpod_production.google_compute_network.serverpod",
            "module.serverpod_production.google_compute_url_map.serverpod",
            "module.serverpod_production.google_storage_bucket.public"
          ]
        }
      ]
    },
    {
      "module": "module.serverpod_production",
      "mode": "managed",
      "type": "google_compute_target_https_proxy",
      "name": "storage",
      "provider": "provider[\"registry.terraform.io/hashicorp/google\"]",
      "instances": [
        {
          "index_key": 0,
          "schema_version": 0,
          "attributes": {
            "certificate_map": "",
            "creation_timestamp": "2023-09-13T09:54:20.301-07:00",
            "description": "",
            "id": "projects/slash-design-231099/global/targetHttpsProxies/serverpod-production-proxy-storage",
            "name": "serverpod-production-proxy-storage",
            "project": "slash-design-231099",
            "proxy_bind": false,
            "proxy_id": 8887698467257604051,
            "quic_override": "NONE",
            "self_link": "https://www.googleapis.com/compute/v1/projects/slash-design-231099/global/targetHttpsProxies/serverpod-production-proxy-storage",
            "ssl_certificates": [
              "https://www.googleapis.com/compute/v1/projects/slash-design-231099/global/sslCertificates/serverpod-production-storage-certificate"
            ],
            "ssl_policy": "",
            "timeouts": null,
            "url_map": "https://www.googleapis.com/compute/v1/projects/slash-design-231099/global/urlMaps/serverpod-production-balancer"
          },
          "sensitive_attributes": [],
          "private": "eyJlMmJmYjczMC1lY2FhLTExZTYtOGY4OC0zNDM2M2JjN2M0YzAiOnsiY3JlYXRlIjoxMjAwMDAwMDAwMDAwLCJkZWxldGUiOjEyMDAwMDAwMDAwMDAsInVwZGF0ZSI6MTIwMDAwMDAwMDAwMH19",
          "dependencies": [
            "module.serverpod_production.google_compute_backend_bucket.storage",
            "module.serverpod_production.google_compute_backend_service.api",
            "module.serverpod_production.google_compute_backend_service.insights",
            "module.serverpod_production.google_compute_backend_service.web",
            "module.serverpod_production.google_compute_health_check.serverpod-balancer",
            "module.serverpod_production.google_compute_health_check.serverpod-instance-group",
            "module.serverpod_production.google_compute_instance_group_manager.serverpod",
            "module.serverpod_production.google_compute_instance_template.serverpod",
            "module.serverpod_production.google_compute_managed_ssl_certificate.storage",
            "module.serverpod_production.google_compute_network.serverpod",
            "module.serverpod_production.google_compute_url_map.serverpod",
            "module.serverpod_production.google_storage_bucket.public"
          ]
        }
      ]
    },
    {
      "module": "module.serverpod_production",
      "mode": "managed",
      "type": "google_compute_target_https_proxy",
      "name": "web",
      "provider": "provider[\"registry.terraform.io/hashicorp/google\"]",
      "instances": [
        {
          "schema_version": 0,
          "attributes": {
            "certificate_map": "",
            "creation_timestamp": "2023-09-13T09:54:20.473-07:00",
            "description": "",
            "id": "projects/slash-design-231099/global/targetHttpsProxies/serverpod-production-proxy-web",
            "name": "serverpod-production-proxy-web",
            "project": "slash-design-231099",
            "proxy_bind": false,
            "proxy_id": 6942698282173618131,
            "quic_override": "NONE",
            "self_link": "https://www.googleapis.com/compute/v1/projects/slash-design-231099/global/targetHttpsProxies/serverpod-production-proxy-web",
            "ssl_certificates": [
              "https://www.googleapis.com/compute/v1/projects/slash-design-231099/global/sslCertificates/serverpod-production-web-certificate"
            ],
            "ssl_policy": "",
            "timeouts": null,
            "url_map": "https://www.googleapis.com/compute/v1/projects/slash-design-231099/global/urlMaps/serverpod-production-balancer"
          },
          "sensitive_attributes": [],
          "private": "eyJlMmJmYjczMC1lY2FhLTExZTYtOGY4OC0zNDM2M2JjN2M0YzAiOnsiY3JlYXRlIjoxMjAwMDAwMDAwMDAwLCJkZWxldGUiOjEyMDAwMDAwMDAwMDAsInVwZGF0ZSI6MTIwMDAwMDAwMDAwMH19",
          "dependencies": [
            "module.serverpod_production.google_compute_backend_bucket.storage",
            "module.serverpod_production.google_compute_backend_service.api",
            "module.serverpod_production.google_compute_backend_service.insights",
            "module.serverpod_production.google_compute_backend_service.web",
            "module.serverpod_production.google_compute_health_check.serverpod-balancer",
            "module.serverpod_production.google_compute_health_check.serverpod-instance-group",
            "module.serverpod_production.google_compute_instance_group_manager.serverpod",
            "module.serverpod_production.google_compute_instance_template.serverpod",
            "module.serverpod_production.google_compute_managed_ssl_certificate.web",
            "module.serverpod_production.google_compute_managed_ssl_certificate.web-top-domain",
            "module.serverpod_production.google_compute_network.serverpod",
            "module.serverpod_production.google_compute_url_map.serverpod",
            "module.serverpod_production.google_storage_bucket.public"
          ]
        }
      ]
    },
    {
      "module": "module.serverpod_production",
      "mode": "managed",
      "type": "google_compute_url_map",
      "name": "serverpod",
      "provider": "provider[\"registry.terraform.io/hashicorp/google\"]",
      "instances": [
        {
          "schema_version": 0,
          "attributes": {
            "creation_timestamp": "2023-09-13T09:54:08.259-07:00",
            "default_route_action": [],
            "default_service": "https://www.googleapis.com/compute/v1/projects/slash-design-231099/global/backendServices/serverpod-production-backend-web",
            "default_url_redirect": [],
            "description": "",
            "fingerprint": "Ii-GEwCq_FQ=",
            "header_action": [],
            "host_rule": [
              {
                "description": "",
                "hosts": [
                  "api.slashdesign.nl"
                ],
                "path_matcher": "api"
              },
              {
                "description": "",
                "hosts": [
                  "insights.slashdesign.nl"
                ],
                "path_matcher": "insights"
              },
              {
                "description": "",
                "hosts": [
                  "storage.slashdesign.nl"
                ],
                "path_matcher": "storage"
              }
            ],
            "id": "projects/slash-design-231099/global/urlMaps/serverpod-production-balancer",
            "map_id": 2720633713811281887,
            "name": "serverpod-production-balancer",
            "path_matcher": [
              {
                "default_route_action": [],
                "default_service": "https://www.googleapis.com/compute/v1/projects/slash-design-231099/global/backendServices/serverpod-production-backend-api",
                "default_url_redirect": [],
                "description": "",
                "header_action": [],
                "name": "api",
                "path_rule": [],
                "route_rules": []
              },
              {
                "default_route_action": [],
                "default_service": "https://www.googleapis.com/compute/v1/projects/slash-design-231099/global/backendServices/serverpod-production-backend-insights",
                "default_url_redirect": [],
                "description": "",
                "header_action": [],
                "name": "insights",
                "path_rule": [],
                "route_rules": []
              },
              {
                "default_route_action": [],
                "default_service": "https://www.googleapis.com/compute/v1/projects/slash-design-231099/global/backendBuckets/serverpod-production-backend-storage",
                "default_url_redirect": [],
                "description": "",
                "header_action": [],
                "name": "storage",
                "path_rule": [],
                "route_rules": []
              }
            ],
            "project": "slash-design-231099",
            "self_link": "https://www.googleapis.com/compute/v1/projects/slash-design-231099/global/urlMaps/serverpod-production-balancer",
            "test": [],
            "timeouts": null
          },
          "sensitive_attributes": [],
          "private": "eyJlMmJmYjczMC1lY2FhLTExZTYtOGY4OC0zNDM2M2JjN2M0YzAiOnsiY3JlYXRlIjoxMjAwMDAwMDAwMDAwLCJkZWxldGUiOjEyMDAwMDAwMDAwMDAsInVwZGF0ZSI6MTIwMDAwMDAwMDAwMH19",
          "dependencies": [
            "module.serverpod_production.google_compute_backend_bucket.storage",
            "module.serverpod_production.google_compute_backend_service.api",
            "module.serverpod_production.google_compute_backend_service.insights",
            "module.serverpod_production.google_compute_backend_service.web",
            "module.serverpod_production.google_compute_health_check.serverpod-balancer",
            "module.serverpod_production.google_compute_health_check.serverpod-instance-group",
            "module.serverpod_production.google_compute_instance_group_manager.serverpod",
            "module.serverpod_production.google_compute_instance_template.serverpod",
            "module.serverpod_production.google_compute_network.serverpod",
            "module.serverpod_production.google_storage_bucket.public"
          ]
        }
      ]
    },
    {
      "module": "module.serverpod_production",
      "mode": "managed",
      "type": "google_dns_managed_zone",
      "name": "private-dns",
      "provider": "provider[\"registry.terraform.io/hashicorp/google\"]",
      "instances": [
        {
          "schema_version": 0,
          "attributes": {
            "cloud_logging_config": [
              {
                "enable_logging": false
              }
            ],
            "creation_time": "2023-09-13T09:10:00.050Z",
            "description": "Managed by Terraform",
            "dns_name": "private-production.slashdesign.nl.",
            "dnssec_config": [],
            "force_destroy": false,
            "forwarding_config": [],
            "id": "projects/slash-design-231099/managedZones/serverpod-production-private",
            "labels": {},
            "managed_zone_id": 6277078330235578658,
            "name": "serverpod-production-private",
            "name_servers": [
              "ns-gcp-private.googledomains.com."
            ],
            "peering_config": [],
            "private_visibility_config": [
              {
                "gke_clusters": [],
                "networks": [
                  {
                    "network_url": "https://www.googleapis.com/compute/v1/projects/slash-design-231099/global/networks/serverpod-production-network"
                  }
                ]
              }
            ],
            "project": "slash-design-231099",
            "timeouts": null,
            "visibility": "private"
          },
          "sensitive_attributes": [],
          "private": "eyJlMmJmYjczMC1lY2FhLTExZTYtOGY4OC0zNDM2M2JjN2M0YzAiOnsiY3JlYXRlIjoxMjAwMDAwMDAwMDAwLCJkZWxldGUiOjEyMDAwMDAwMDAwMDAsInVwZGF0ZSI6MTIwMDAwMDAwMDAwMH19",
          "dependencies": [
            "module.serverpod_production.google_compute_network.serverpod"
          ]
        }
      ]
    },
    {
      "module": "module.serverpod_production",
      "mode": "managed",
      "type": "google_dns_record_set",
      "name": "api",
      "provider": "provider[\"registry.terraform.io/hashicorp/google\"]",
      "instances": [
        {
          "schema_version": 0,
          "attributes": {
            "id": "projects/slash-design-231099/managedZones/slash-design/rrsets/api.slashdesign.nl./A",
            "managed_zone": "slash-design",
            "name": "api.slashdesign.nl.",
            "project": "slash-design-231099",
            "routing_policy": [],
            "rrdatas": [
              "34.160.152.116"
            ],
            "ttl": 60,
            "type": "A"
          },
          "sensitive_attributes": [],
          "private": "bnVsbA==",
          "dependencies": [
            "module.serverpod_production.google_compute_backend_bucket.storage",
            "module.serverpod_production.google_compute_backend_service.api",
            "module.serverpod_production.google_compute_backend_service.insights",
            "module.serverpod_production.google_compute_backend_service.web",
            "module.serverpod_production.google_compute_global_forwarding_rule.api",
            "module.serverpod_production.google_compute_health_check.serverpod-balancer",
            "module.serverpod_production.google_compute_health_check.serverpod-instance-group",
            "module.serverpod_production.google_compute_instance_group_manager.serverpod",
            "module.serverpod_production.google_compute_instance_template.serverpod",
            "module.serverpod_production.google_compute_managed_ssl_certificate.api",
            "module.serverpod_production.google_compute_network.serverpod",
            "module.serverpod_production.google_compute_target_https_proxy.api",
            "module.serverpod_production.google_compute_url_map.serverpod",
            "module.serverpod_production.google_storage_bucket.public"
          ]
        }
      ]
    },
    {
      "module": "module.serverpod_production",
      "mode": "managed",
      "type": "google_dns_record_set",
      "name": "database",
      "provider": "provider[\"registry.terraform.io/hashicorp/google\"]",
      "instances": [
        {
          "schema_version": 0,
          "attributes": {
            "id": "projects/slash-design-231099/managedZones/slash-design/rrsets/database.slashdesign.nl./A",
            "managed_zone": "slash-design",
            "name": "database.slashdesign.nl.",
            "project": "slash-design-231099",
            "routing_policy": [],
            "rrdatas": [
              "34.90.246.49"
            ],
            "ttl": 60,
            "type": "A"
          },
          "sensitive_attributes": [],
          "private": "bnVsbA==",
          "dependencies": [
            "module.serverpod_production.google_compute_global_address.private-ip",
            "module.serverpod_production.google_compute_network.serverpod",
            "module.serverpod_production.google_service_networking_connection.private-vpc-connection",
            "module.serverpod_production.google_sql_database_instance.serverpod"
          ]
        }
      ]
    },
    {
      "module": "module.serverpod_production",
      "mode": "managed",
      "type": "google_dns_record_set",
      "name": "database-private",
      "provider": "provider[\"registry.terraform.io/hashicorp/google\"]",
      "instances": [
        {
          "schema_version": 0,
          "attributes": {
            "id": "projects/slash-design-231099/managedZones/serverpod-production-private/rrsets/database.private-production.slashdesign.nl./A",
            "managed_zone": "serverpod-production-private",
            "name": "database.private-production.slashdesign.nl.",
            "project": "slash-design-231099",
            "routing_policy": [],
            "rrdatas": [
              "172.30.0.3"
            ],
            "ttl": 60,
            "type": "A"
          },
          "sensitive_attributes": [],
          "private": "bnVsbA==",
          "dependencies": [
            "module.serverpod_production.google_compute_global_address.private-ip",
            "module.serverpod_production.google_compute_network.serverpod",
            "module.serverpod_production.google_service_networking_connection.private-vpc-connection",
            "module.serverpod_production.google_sql_database_instance.serverpod"
          ]
        }
      ]
    },
    {
      "module": "module.serverpod_production",
      "mode": "managed",
      "type": "google_dns_record_set",
      "name": "insights",
      "provider": "provider[\"registry.terraform.io/hashicorp/google\"]",
      "instances": [
        {
          "schema_version": 0,
          "attributes": {
            "id": "projects/slash-design-231099/managedZones/slash-design/rrsets/insights.slashdesign.nl./A",
            "managed_zone": "slash-design",
            "name": "insights.slashdesign.nl.",
            "project": "slash-design-231099",
            "routing_policy": [],
            "rrdatas": [
              "34.36.242.104"
            ],
            "ttl": 60,
            "type": "A"
          },
          "sensitive_attributes": [],
          "private": "bnVsbA==",
          "dependencies": [
            "module.serverpod_production.google_compute_backend_bucket.storage",
            "module.serverpod_production.google_compute_backend_service.api",
            "module.serverpod_production.google_compute_backend_service.insights",
            "module.serverpod_production.google_compute_backend_service.web",
            "module.serverpod_production.google_compute_global_forwarding_rule.insights",
            "module.serverpod_production.google_compute_health_check.serverpod-balancer",
            "module.serverpod_production.google_compute_health_check.serverpod-instance-group",
            "module.serverpod_production.google_compute_instance_group_manager.serverpod",
            "module.serverpod_production.google_compute_instance_template.serverpod",
            "module.serverpod_production.google_compute_managed_ssl_certificate.insights",
            "module.serverpod_production.google_compute_network.serverpod",
            "module.serverpod_production.google_compute_target_https_proxy.insights",
            "module.serverpod_production.google_compute_url_map.serverpod",
            "module.serverpod_production.google_storage_bucket.public"
          ]
        }
      ]
    },
    {
      "module": "module.serverpod_production",
      "mode": "managed",
      "type": "google_dns_record_set",
      "name": "storage",
      "provider": "provider[\"registry.terraform.io/hashicorp/google\"]",
      "instances": [
        {
          "index_key": 0,
          "schema_version": 0,
          "attributes": {
            "id": "projects/slash-design-231099/managedZones/slash-design/rrsets/storage.slashdesign.nl./A",
            "managed_zone": "slash-design",
            "name": "storage.slashdesign.nl.",
            "project": "slash-design-231099",
            "routing_policy": [],
            "rrdatas": [
              "34.111.31.140"
            ],
            "ttl": 60,
            "type": "A"
          },
          "sensitive_attributes": [],
          "private": "bnVsbA==",
          "dependencies": [
            "module.serverpod_production.google_compute_backend_bucket.storage",
            "module.serverpod_production.google_compute_backend_service.api",
            "module.serverpod_production.google_compute_backend_service.insights",
            "module.serverpod_production.google_compute_backend_service.web",
            "module.serverpod_production.google_compute_global_forwarding_rule.storage",
            "module.serverpod_production.google_compute_health_check.serverpod-balancer",
            "module.serverpod_production.google_compute_health_check.serverpod-instance-group",
            "module.serverpod_production.google_compute_instance_group_manager.serverpod",
            "module.serverpod_production.google_compute_instance_template.serverpod",
            "module.serverpod_production.google_compute_managed_ssl_certificate.storage",
            "module.serverpod_production.google_compute_network.serverpod",
            "module.serverpod_production.google_compute_target_https_proxy.storage",
            "module.serverpod_production.google_compute_url_map.serverpod",
            "module.serverpod_production.google_storage_bucket.public"
          ]
        }
      ]
    },
    {
      "module": "module.serverpod_production",
      "mode": "managed",
      "type": "google_dns_record_set",
      "name": "web",
      "provider": "provider[\"registry.terraform.io/hashicorp/google\"]",
      "instances": [
        {
          "schema_version": 0,
          "attributes": {
            "id": "projects/slash-design-231099/managedZones/slash-design/rrsets/app.slashdesign.nl./A",
            "managed_zone": "slash-design",
            "name": "app.slashdesign.nl.",
            "project": "slash-design-231099",
            "routing_policy": [],
            "rrdatas": [
              "34.111.172.75"
            ],
            "ttl": 60,
            "type": "A"
          },
          "sensitive_attributes": [],
          "private": "bnVsbA==",
          "dependencies": [
            "module.serverpod_production.google_compute_backend_bucket.storage",
            "module.serverpod_production.google_compute_backend_service.api",
            "module.serverpod_production.google_compute_backend_service.insights",
            "module.serverpod_production.google_compute_backend_service.web",
            "module.serverpod_production.google_compute_global_forwarding_rule.web",
            "module.serverpod_production.google_compute_health_check.serverpod-balancer",
            "module.serverpod_production.google_compute_health_check.serverpod-instance-group",
            "module.serverpod_production.google_compute_instance_group_manager.serverpod",
            "module.serverpod_production.google_compute_instance_template.serverpod",
            "module.serverpod_production.google_compute_managed_ssl_certificate.web",
            "module.serverpod_production.google_compute_managed_ssl_certificate.web-top-domain",
            "module.serverpod_production.google_compute_network.serverpod",
            "module.serverpod_production.google_compute_target_https_proxy.web",
            "module.serverpod_production.google_compute_url_map.serverpod",
            "module.serverpod_production.google_storage_bucket.public"
          ]
        }
      ]
    },
    {
      "module": "module.serverpod_production",
      "mode": "managed",
      "type": "google_project_service",
      "name": "gcp_services",
      "provider": "provider[\"registry.terraform.io/hashicorp/google\"]",
      "instances": [
        {
          "index_key": 0,
          "schema_version": 0,
          "attributes": {
            "disable_dependent_services": null,
            "disable_on_destroy": false,
            "id": "slash-design-231099/artifactregistry.googleapis.com",
            "project": "slash-design-231099",
            "service": "artifactregistry.googleapis.com",
            "timeouts": null
          },
          "sensitive_attributes": [],
          "private": "eyJlMmJmYjczMC1lY2FhLTExZTYtOGY4OC0zNDM2M2JjN2M0YzAiOnsiY3JlYXRlIjoxMjAwMDAwMDAwMDAwLCJkZWxldGUiOjEyMDAwMDAwMDAwMDAsInJlYWQiOjYwMDAwMDAwMDAwMCwidXBkYXRlIjoxMjAwMDAwMDAwMDAwfX0="
        },
        {
          "index_key": 1,
          "schema_version": 0,
          "attributes": {
            "disable_dependent_services": null,
            "disable_on_destroy": false,
            "id": "slash-design-231099/certificatemanager.googleapis.com",
            "project": "slash-design-231099",
            "service": "certificatemanager.googleapis.com",
            "timeouts": null
          },
          "sensitive_attributes": [],
          "private": "eyJlMmJmYjczMC1lY2FhLTExZTYtOGY4OC0zNDM2M2JjN2M0YzAiOnsiY3JlYXRlIjoxMjAwMDAwMDAwMDAwLCJkZWxldGUiOjEyMDAwMDAwMDAwMDAsInJlYWQiOjYwMDAwMDAwMDAwMCwidXBkYXRlIjoxMjAwMDAwMDAwMDAwfX0="
        },
        {
          "index_key": 2,
          "schema_version": 0,
          "attributes": {
            "disable_dependent_services": null,
            "disable_on_destroy": false,
            "id": "slash-design-231099/dns.googleapis.com",
            "project": "slash-design-231099",
            "service": "dns.googleapis.com",
            "timeouts": null
          },
          "sensitive_attributes": [],
          "private": "eyJlMmJmYjczMC1lY2FhLTExZTYtOGY4OC0zNDM2M2JjN2M0YzAiOnsiY3JlYXRlIjoxMjAwMDAwMDAwMDAwLCJkZWxldGUiOjEyMDAwMDAwMDAwMDAsInJlYWQiOjYwMDAwMDAwMDAwMCwidXBkYXRlIjoxMjAwMDAwMDAwMDAwfX0="
        },
        {
          "index_key": 3,
          "schema_version": 0,
          "attributes": {
            "disable_dependent_services": null,
            "disable_on_destroy": false,
            "id": "slash-design-231099/cloudresourcemanager.googleapis.com",
            "project": "slash-design-231099",
            "service": "cloudresourcemanager.googleapis.com",
            "timeouts": null
          },
          "sensitive_attributes": [],
          "private": "eyJlMmJmYjczMC1lY2FhLTExZTYtOGY4OC0zNDM2M2JjN2M0YzAiOnsiY3JlYXRlIjoxMjAwMDAwMDAwMDAwLCJkZWxldGUiOjEyMDAwMDAwMDAwMDAsInJlYWQiOjYwMDAwMDAwMDAwMCwidXBkYXRlIjoxMjAwMDAwMDAwMDAwfX0="
        },
        {
          "index_key": 4,
          "schema_version": 0,
          "attributes": {
            "disable_dependent_services": null,
            "disable_on_destroy": false,
            "id": "slash-design-231099/compute.googleapis.com",
            "project": "slash-design-231099",
            "service": "compute.googleapis.com",
            "timeouts": null
          },
          "sensitive_attributes": [],
          "private": "eyJlMmJmYjczMC1lY2FhLTExZTYtOGY4OC0zNDM2M2JjN2M0YzAiOnsiY3JlYXRlIjoxMjAwMDAwMDAwMDAwLCJkZWxldGUiOjEyMDAwMDAwMDAwMDAsInJlYWQiOjYwMDAwMDAwMDAwMCwidXBkYXRlIjoxMjAwMDAwMDAwMDAwfX0="
        },
        {
          "index_key": 5,
          "schema_version": 0,
          "attributes": {
            "disable_dependent_services": null,
            "disable_on_destroy": false,
            "id": "slash-design-231099/servicenetworking.googleapis.com",
            "project": "slash-design-231099",
            "service": "servicenetworking.googleapis.com",
            "timeouts": null
          },
          "sensitive_attributes": [],
          "private": "eyJlMmJmYjczMC1lY2FhLTExZTYtOGY4OC0zNDM2M2JjN2M0YzAiOnsiY3JlYXRlIjoxMjAwMDAwMDAwMDAwLCJkZWxldGUiOjEyMDAwMDAwMDAwMDAsInJlYWQiOjYwMDAwMDAwMDAwMCwidXBkYXRlIjoxMjAwMDAwMDAwMDAwfX0="
        },
        {
          "index_key": 6,
          "schema_version": 0,
          "attributes": {
            "disable_dependent_services": null,
            "disable_on_destroy": false,
            "id": "slash-design-231099/sqladmin.googleapis.com",
            "project": "slash-design-231099",
            "service": "sqladmin.googleapis.com",
            "timeouts": null
          },
          "sensitive_attributes": [],
          "private": "eyJlMmJmYjczMC1lY2FhLTExZTYtOGY4OC0zNDM2M2JjN2M0YzAiOnsiY3JlYXRlIjoxMjAwMDAwMDAwMDAwLCJkZWxldGUiOjEyMDAwMDAwMDAwMDAsInJlYWQiOjYwMDAwMDAwMDAwMCwidXBkYXRlIjoxMjAwMDAwMDAwMDAwfX0="
        }
      ]
    },
    {
      "module": "module.serverpod_production",
      "mode": "managed",
      "type": "google_service_networking_connection",
      "name": "private-vpc-connection",
      "provider": "provider[\"registry.terraform.io/hashicorp/google\"]",
      "instances": [
        {
          "schema_version": 0,
          "attributes": {
            "id": "projects%2Fslash-design-231099%2Fglobal%2Fnetworks%2Fserverpod-production-network:servicenetworking.googleapis.com",
            "network": "projects/slash-design-231099/global/networks/serverpod-production-network",
            "peering": "servicenetworking-googleapis-com",
            "reserved_peering_ranges": [
              "serverpod-production-private-ip"
            ],
            "service": "servicenetworking.googleapis.com",
            "timeouts": null
          },
          "sensitive_attributes": [],
          "private": "eyJlMmJmYjczMC1lY2FhLTExZTYtOGY4OC0zNDM2M2JjN2M0YzAiOnsiY3JlYXRlIjo2MDAwMDAwMDAwMDAsImRlbGV0ZSI6NjAwMDAwMDAwMDAwLCJ1cGRhdGUiOjYwMDAwMDAwMDAwMH19",
          "dependencies": [
            "module.serverpod_production.google_compute_global_address.private-ip",
            "module.serverpod_production.google_compute_network.serverpod"
          ]
        }
      ]
    },
    {
      "module": "module.serverpod_production",
      "mode": "managed",
      "type": "google_sql_database",
      "name": "serverpod",
      "provider": "provider[\"registry.terraform.io/hashicorp/google\"]",
      "instances": [
        {
          "schema_version": 0,
          "attributes": {
            "charset": "UTF8",
            "collation": "en_US.UTF8",
            "deletion_policy": "DELETE",
            "id": "projects/slash-design-231099/instances/serverpod-production-database/databases/serverpod",
            "instance": "serverpod-production-database",
            "name": "serverpod",
            "project": "slash-design-231099",
            "self_link": "https://sqladmin.googleapis.com/sql/v1beta4/projects/slash-design-231099/instances/serverpod-production-database/databases/serverpod",
            "timeouts": null
          },
          "sensitive_attributes": [],
          "private": "eyJlMmJmYjczMC1lY2FhLTExZTYtOGY4OC0zNDM2M2JjN2M0YzAiOnsiY3JlYXRlIjoxMjAwMDAwMDAwMDAwLCJkZWxldGUiOjEyMDAwMDAwMDAwMDAsInVwZGF0ZSI6MTIwMDAwMDAwMDAwMH19",
          "dependencies": [
            "module.serverpod_production.google_compute_global_address.private-ip",
            "module.serverpod_production.google_compute_network.serverpod",
            "module.serverpod_production.google_service_networking_connection.private-vpc-connection",
            "module.serverpod_production.google_sql_database_instance.serverpod"
          ]
        }
      ]
    },
    {
      "module": "module.serverpod_production",
      "mode": "managed",
      "type": "google_sql_database_instance",
      "name": "serverpod",
      "provider": "provider[\"registry.terraform.io/hashicorp/google\"]",
      "instances": [
        {
          "schema_version": 0,
          "attributes": {
            "available_maintenance_versions": [],
            "clone": [],
            "connection_name": "slash-design-231099:europe-west4:serverpod-production-database",
            "database_version": "POSTGRES_14",
            "deletion_protection": true,
            "encryption_key_name": null,
            "first_ip_address": "34.90.246.49",
            "id": "serverpod-production-database",
            "instance_type": "CLOUD_SQL_INSTANCE",
            "ip_address": [
              {
                "ip_address": "34.90.246.49",
                "time_to_retire": "",
                "type": "PRIMARY"
              },
              {
                "ip_address": "35.204.114.250",
                "time_to_retire": "",
                "type": "OUTGOING"
              },
              {
                "ip_address": "172.30.0.3",
                "time_to_retire": "",
                "type": "PRIVATE"
              }
            ],
            "maintenance_version": "POSTGRES_14_7.R20230530.01_11",
            "master_instance_name": "",
            "name": "serverpod-production-database",
            "private_ip_address": "172.30.0.3",
            "project": "slash-design-231099",
            "public_ip_address": "34.90.246.49",
            "region": "europe-west4",
            "replica_configuration": [],
            "restore_backup_context": [],
            "root_password": null,
            "self_link": "https://sqladmin.googleapis.com/sql/v1beta4/projects/slash-design-231099/instances/serverpod-production-database",
            "server_ca_cert": [
              {
                "cert": "-----BEGIN CERTIFICATE-----\nMIIDfzCCAmegAwIBAgIBADANBgkqhkiG9w0BAQsFADB3MS0wKwYDVQQuEyQ5ODcw\nODU2Yy1lYzk1LTQ4MzEtYjIyYy0wNWQ5MWYzZjZkNzQxIzAhBgNVBAMTGkdvb2ds\nZSBDbG91ZCBTUUwgU2VydmVyIENBMRQwEgYDVQQKEwtHb29nbGUsIEluYzELMAkG\nA1UEBhMCVVMwHhcNMjMwOTEzMDkzMTMxWhcNMzMwOTEwMDkzMjMxWjB3MS0wKwYD\nVQQuEyQ5ODcwODU2Yy1lYzk1LTQ4MzEtYjIyYy0wNWQ5MWYzZjZkNzQxIzAhBgNV\nBAMTGkdvb2dsZSBDbG91ZCBTUUwgU2VydmVyIENBMRQwEgYDVQQKEwtHb29nbGUs\nIEluYzELMAkGA1UEBhMCVVMwggEiMA0GCSqGSIb3DQEBAQUAA4IBDwAwggEKAoIB\nAQCxsgCnUrhI2SqMjqMFF59VQUURpAdkWe/HIEFHmRNechlTSK06fuzCrGkVKk43\nvWCli7o798VAtDPxfws5AjNvOnLgCYDSG/xTChnB+4T+ymqbtpQlpIq+TAK0RE1/\nQwzvA4OQUVgTP8u4da0IYp8AMI2Wz3l2IQgWQ5noXnquTBpJF/oWcMHNzoij7x3L\n7mr2B077sJmu1geu2ZoD5IoXLVqwUALaSaYJ+miS5DPh173G4HmAfglqFPPUmqk/\nrT+D5Xy7onmsYbzFjnE9AVK7598CVppurD7dmwCW4bMbuFsaxOLiWXLq/Xbzy7X3\nyH3I7a9gSgbie27uwC2yskvLAgMBAAGjFjAUMBIGA1UdEwEB/wQIMAYBAf8CAQAw\nDQYJKoZIhvcNAQELBQADggEBAJurL9JkpxCWwIK6SjhgXRFuU5Y6C4txS/G4yrmM\nltiQpWsxfcV+OrdK8Nc/UpgEeSyvztUrVfqqbDpo0OPFDI/FfRxozKLvTOA/CYm4\nQmw6qGQHxzAm2qDvmA1VCrbpjMl3htOMtNfMP0EoDtBpkRZ/UKL9JwD3CSUvZPyA\n6iF735BAL3MPtjkRCAuilltiy6na9k4VLEdYSvgj4LQQIvI+ADIQZcxX9OhT++p/\nFHzwsId9Wa+N8VNRlspa5sjYm+2JMT1fZt8A+w5+ImtBRvjTw4D+OKbAseMvvTFs\nzkTQDj0WatVDFo28rdLJgABM6oNPE460xbAYKvYfXvU3qSw=\n-----END CERTIFICATE-----",
                "common_name": "C=US,O=Google\\, Inc,CN=Google Cloud SQL Server CA,dnQualifier=9870856c-ec95-4831-b22c-05d91f3f6d74",
                "create_time": "2023-09-13T09:31:31.050Z",
                "expiration_time": "2033-09-10T09:32:31.050Z",
                "sha1_fingerprint": "c5135c35b93b8e3090eec0625e7a4c500cf561a6"
              }
            ],
            "service_account_email_address": "p1001142090525-wzd184@gcp-sa-cloud-sql.iam.gserviceaccount.com",
            "settings": [
              {
                "activation_policy": "ALWAYS",
                "active_directory_config": [],
                "availability_type": "ZONAL",
                "backup_configuration": [
                  {
                    "backup_retention_settings": [
                      {
                        "retained_backups": 7,
                        "retention_unit": "COUNT"
                      }
                    ],
                    "binary_log_enabled": false,
                    "enabled": true,
                    "location": "",
                    "point_in_time_recovery_enabled": false,
                    "start_time": "19:00",
                    "transaction_log_retention_days": 7
                  }
                ],
                "collation": "",
                "connector_enforcement": "NOT_REQUIRED",
                "database_flags": [],
                "deletion_protection_enabled": false,
                "deny_maintenance_period": [],
                "disk_autoresize": true,
                "disk_autoresize_limit": 0,
                "disk_size": 10,
                "disk_type": "PD_SSD",
                "insights_config": [],
                "ip_configuration": [
                  {
                    "allocated_ip_range": "",
                    "authorized_networks": [],
                    "ipv4_enabled": true,
                    "private_network": "projects/slash-design-231099/global/networks/serverpod-production-network",
                    "require_ssl": false
                  }
                ],
                "location_preference": [
                  {
                    "follow_gae_application": "",
                    "secondary_zone": "",
                    "zone": "europe-west4-c"
                  }
                ],
                "maintenance_window": [],
                "password_validation_policy": [],
                "pricing_plan": "PER_USE",
                "sql_server_audit_config": [],
                "tier": "db-f1-micro",
                "time_zone": "",
                "user_labels": {},
                "version": 2
              }
            ],
            "timeouts": null
          },
          "sensitive_attributes": [],
          "private": "eyJlMmJmYjczMC1lY2FhLTExZTYtOGY4OC0zNDM2M2JjN2M0YzAiOnsiY3JlYXRlIjoyNDAwMDAwMDAwMDAwLCJkZWxldGUiOjE4MDAwMDAwMDAwMDAsInVwZGF0ZSI6MTgwMDAwMDAwMDAwMH19",
          "dependencies": [
            "module.serverpod_production.google_compute_global_address.private-ip",
            "module.serverpod_production.google_compute_network.serverpod",
            "module.serverpod_production.google_service_networking_connection.private-vpc-connection"
          ]
        }
      ]
    },
    {
      "module": "module.serverpod_production",
      "mode": "managed",
      "type": "google_sql_user",
      "name": "serverpod",
      "provider": "provider[\"registry.terraform.io/hashicorp/google\"]",
      "instances": [
        {
          "schema_version": 1,
          "attributes": {
            "deletion_policy": null,
            "host": "",
            "id": "postgres//serverpod-production-database",
            "instance": "serverpod-production-database",
            "name": "postgres",
            "password": "Nd91i-7M-qCEhpHN7qqlPtXnIgnxa8JJ",
            "password_policy": [],
            "project": "slash-design-231099",
            "sql_server_user_details": [],
            "timeouts": null,
            "type": ""
          },
          "sensitive_attributes": [],
          "private": "eyJlMmJmYjczMC1lY2FhLTExZTYtOGY4OC0zNDM2M2JjN2M0YzAiOnsiY3JlYXRlIjo2MDAwMDAwMDAwMDAsImRlbGV0ZSI6NjAwMDAwMDAwMDAwLCJ1cGRhdGUiOjYwMDAwMDAwMDAwMH0sInNjaGVtYV92ZXJzaW9uIjoiMSJ9",
          "dependencies": [
            "module.serverpod_production.google_compute_global_address.private-ip",
            "module.serverpod_production.google_compute_network.serverpod",
            "module.serverpod_production.google_service_networking_connection.private-vpc-connection",
            "module.serverpod_production.google_sql_database_instance.serverpod"
          ]
        }
      ]
    },
    {
      "module": "module.serverpod_production",
      "mode": "managed",
      "type": "google_storage_bucket",
      "name": "private",
      "provider": "provider[\"registry.terraform.io/hashicorp/google\"]",
      "instances": [
        {
          "index_key": 0,
          "schema_version": 0,
          "attributes": {
            "autoclass": [],
            "cors": [
              {
                "max_age_seconds": 3600,
                "method": [
                  "*"
                ],
                "origin": [
                  "*"
                ],
                "response_header": [
                  "*"
                ]
              }
            ],
            "custom_placement_config": [],
            "default_event_based_hold": false,
            "encryption": [],
            "force_destroy": true,
            "id": "private-storage.slashdesign.nl",
            "labels": {},
            "lifecycle_rule": [],
            "location": "US",
            "logging": [],
            "name": "private-storage.slashdesign.nl",
            "project": "slash-design-231099",
            "public_access_prevention": "inherited",
            "requester_pays": false,
            "retention_policy": [],
            "self_link": "https://www.googleapis.com/storage/v1/b/private-storage.slashdesign.nl",
            "storage_class": "STANDARD",
            "timeouts": null,
            "uniform_bucket_level_access": false,
            "url": "gs://private-storage.slashdesign.nl",
            "versioning": [],
            "website": []
          },
          "sensitive_attributes": [],
          "private": "eyJlMmJmYjczMC1lY2FhLTExZTYtOGY4OC0zNDM2M2JjN2M0YzAiOnsiY3JlYXRlIjoyNDAwMDAwMDAwMDAsInJlYWQiOjI0MDAwMDAwMDAwMCwidXBkYXRlIjoyNDAwMDAwMDAwMDB9fQ=="
        }
      ]
    },
    {
      "module": "module.serverpod_production",
      "mode": "managed",
      "type": "google_storage_bucket",
      "name": "public",
      "provider": "provider[\"registry.terraform.io/hashicorp/google\"]",
      "instances": [
        {
          "index_key": 0,
          "schema_version": 0,
          "attributes": {
            "autoclass": [],
            "cors": [
              {
                "max_age_seconds": 3600,
                "method": [
                  "*"
                ],
                "origin": [
                  "*"
                ],
                "response_header": [
                  "*"
                ]
              }
            ],
            "custom_placement_config": [],
            "default_event_based_hold": false,
            "encryption": [],
            "force_destroy": true,
            "id": "storage.slashdesign.nl",
            "labels": {},
            "lifecycle_rule": [],
            "location": "US",
            "logging": [],
            "name": "storage.slashdesign.nl",
            "project": "slash-design-231099",
            "public_access_prevention": "inherited",
            "requester_pays": false,
            "retention_policy": [],
            "self_link": "https://www.googleapis.com/storage/v1/b/storage.slashdesign.nl",
            "storage_class": "STANDARD",
            "timeouts": null,
            "uniform_bucket_level_access": false,
            "url": "gs://storage.slashdesign.nl",
            "versioning": [],
            "website": []
          },
          "sensitive_attributes": [],
          "private": "eyJlMmJmYjczMC1lY2FhLTExZTYtOGY4OC0zNDM2M2JjN2M0YzAiOnsiY3JlYXRlIjoyNDAwMDAwMDAwMDAsInJlYWQiOjI0MDAwMDAwMDAwMCwidXBkYXRlIjoyNDAwMDAwMDAwMDB9fQ=="
        }
      ]
    },
    {
      "module": "module.serverpod_production",
      "mode": "managed",
      "type": "google_storage_bucket_iam_member",
      "name": "public",
      "provider": "provider[\"registry.terraform.io/hashicorp/google\"]",
      "instances": [
        {
          "index_key": 0,
          "schema_version": 0,
          "attributes": {
            "bucket": "b/storage.slashdesign.nl",
            "condition": [],
            "etag": "CAI=",
            "id": "b/storage.slashdesign.nl/roles/storage.legacyObjectReader/allUsers",
            "member": "allUsers",
            "role": "roles/storage.legacyObjectReader"
          },
          "sensitive_attributes": [],
          "private": "bnVsbA==",
          "dependencies": [
            "module.serverpod_production.google_storage_bucket.public"
          ]
        }
      ]
    }
  ],
  "check_results": null
}
